
Microsoft Visual Studio Solution File, Format Version 12.00
# Visual Studio 2013
VisualStudioVersion = 12.0.21005.1
MinimumVisualStudioVersion = 10.0.40219.1
Project("{FAE04EC0-301F-11D3-BF4B-00C04F79EFBC}") = "QSDMS.Cache", "QSDMS.Cache\QSDMS.Cache\QSDMS.Cache.csproj", "{01DC088C-172B-4B3C-AC36-33EA88C0BBDC}"
EndProject
Project("{FAE04EC0-301F-11D3-BF4B-00C04F79EFBC}") = "QSDMS.Cache.Factory", "QSDMS.Cache\QSDMS.Cache.Factory\QSDMS.Cache.Factory.csproj", "{05E4A0F4-A478-406D-AF6C-E59E2ED88418}"
EndProject
Project("{FAE04EC0-301F-11D3-BF4B-00C04F79EFBC}") = "QSDMS.Cache.Redis", "QSDMS.Cache\QSDMS.Cache.Redis\QSDMS.Cache.Redis.csproj", "{078BC972-7CE9-454C-9898-49E3225782C4}"
EndProject
Project("{2150E333-8FDC-42A3-9474-1A3956D46DE8}") = "02Cache", "02Cache", "{FCEA4AA1-4F1E-4DEE-9198-0DCE58242542}"
EndProject
Project("{2150E333-8FDC-42A3-9474-1A3956D46DE8}") = "01Util", "01Util", "{9D4695B2-6DB3-42B7-A8D6-B689AE6E2FCF}"
EndProject
Project("{2150E333-8FDC-42A3-9474-1A3956D46DE8}") = "03DataAccess", "03DataAccess", "{DBC8727A-A8DF-4A20-9BC5-C99B83481B05}"
EndProject
Project("{2150E333-8FDC-42A3-9474-1A3956D46DE8}") = "05Business", "05Business", "{30E52642-E1AD-40CA-81A6-FFA238F457BC}"
EndProject
Project("{FAE04EC0-301F-11D3-BF4B-00C04F79EFBC}") = "QSDMS.Application.Web", "QSDMS.Application\QSDMS.Application.Web\QSDMS.Application.Web.csproj", "{C16FEB89-AF01-4D02-B40D-5EFB285554A2}"
EndProject
Project("{FAE04EC0-301F-11D3-BF4B-00C04F79EFBC}") = "QSDMS.Util", "QSDMS.Util\QSDMS.Helper\QSDMS.Util.csproj", "{2E7B524E-E766-480F-9126-B54C0C10A0A4}"
EndProject
Project("{2150E333-8FDC-42A3-9474-1A3956D46DE8}") = "06Application", "06Application", "{9CD6AF0D-71E7-47FE-AF31-2A500721F965}"
EndProject
Project("{2150E333-8FDC-42A3-9474-1A3956D46DE8}") = "07WebApp", "07WebApp", "{DC6F655E-4DBA-41AC-A59F-64B838B1EA05}"
EndProject
Project("{2150E333-8FDC-42A3-9474-1A3956D46DE8}") = "08Task", "08Task", "{806FDC98-27B6-4F23-9469-3CB40E1D8601}"
EndProject
Project("{FAE04EC0-301F-11D3-BF4B-00C04F79EFBC}") = "QSDMS.Schedule", "QSDMS.Tasks\QSMS.Schedule\QSDMS.Schedule.csproj", "{7EB61220-247D-4E54-B514-C0361CDFF56C}"
EndProject
Project("{FAE04EC0-301F-11D3-BF4B-00C04F79EFBC}") = "QSDMS.Task", "QSDMS.Tasks\QSDMS.Task\QSDMS.Task.csproj", "{46CA7DC2-FBA2-4904-9A52-BB2109038E81}"
EndProject
Project("{FAE04EC0-301F-11D3-BF4B-00C04F79EFBC}") = "QSDMS.Data.IService", "QSDMS.DataAccess\QSDMS.Data.IService\QSDMS.Data.IService.csproj", "{0BAC71E3-D1EC-47CA-A470-91398F43645B}"
EndProject
Project("{FAE04EC0-301F-11D3-BF4B-00C04F79EFBC}") = "QSDMS.Business", "QSDMS.Business\QSDMS.Business\QSDMS.Business.csproj", "{F784FE53-4599-4AE6-9735-BF367829F27A}"
EndProject
Project("{FAE04EC0-301F-11D3-BF4B-00C04F79EFBC}") = "QSDMS.Business.Cache", "QSDMS.Business\QSDMS.Business.Cache\QSDMS.Business.Cache.csproj", "{BF85365E-71D4-4A2F-823C-3516A6D08F7C}"
EndProject
Project("{2150E333-8FDC-42A3-9474-1A3956D46DE8}") = "04Model", "04Model", "{6D4C2AD5-148C-4E5B-8AC0-3BD32D9FFD4E}"
EndProject
Project("{FAE04EC0-301F-11D3-BF4B-00C04F79EFBC}") = "QSDMS.Model", "QSDMS.Model\QSDMS.Model\QSDMS.Model.csproj", "{525EC8F0-D6A8-4680-8DBF-94244DE469F2}"
EndProject
Project("{2150E333-8FDC-42A3-9474-1A3956D46DE8}") = "00FrameWork", "00FrameWork", "{DA916461-0368-4156-984D-327BFD0E825E}"
EndProject
Project("{FAE04EC0-301F-11D3-BF4B-00C04F79EFBC}") = "iFramework.Business", "QSDMS.FrameWork\iFramework.Business\iFramework.Business.csproj", "{197805DA-EFA6-43C9-8992-59A82273C5E2}"
EndProject
Project("{FAE04EC0-301F-11D3-BF4B-00C04F79EFBC}") = "iFramework.Framework", "QSDMS.FrameWork\iFramework.Framework\iFramework.Framework.csproj", "{9C1B08CF-25A4-4190-95D5-D35EA5DA455F}"
EndProject
Project("{FAE04EC0-301F-11D3-BF4B-00C04F79EFBC}") = "QSDMS.Data.Service.SqlServer", "QSDMS.DataAccess\QSDMS.Data.Service.SqlServer\QSDMS.Data.Service.SqlServer.csproj", "{3F15F70B-98F6-4D11-8664-B9C97A024CEA}"
EndProject
Project("{2150E333-8FDC-42A3-9474-1A3956D46DE8}") = "99Test", "99Test", "{7B1DD6D0-2352-4693-ABB8-C206390DD4B4}"
EndProject
Project("{FAE04EC0-301F-11D3-BF4B-00C04F79EFBC}") = "ConsoleAppTest", "QSDMS.Test\ConsoleAppTest\ConsoleAppTest.csproj", "{EB8A43EE-17D0-4ACB-B7F9-FA100DEEC92F}"
EndProject
Project("{FAE04EC0-301F-11D3-BF4B-00C04F79EFBC}") = "QSDMS.Data.Service.MySqlServer", "QSDMS.DataAccess\QSDMS.Data.Service.MySqlServer\QSDMS.Data.Service.MySqlServer.csproj", "{DE4CBA96-7291-4C0A-86E0-A7523F05CA1D}"
EndProject
Project("{FAE04EC0-301F-11D3-BF4B-00C04F79EFBC}") = "UnitTestProject1", "QSDMS.Test\UnitTestProject1\UnitTestProject1.csproj", "{674C829C-46FA-4893-AAF8-A2E21052848E}"
EndProject
Project("{FAE04EC0-301F-11D3-BF4B-00C04F79EFBC}") = "QSDMS.Client.Api", "QSDMS.Application\QSDMS.Client.Api\QSDMS.Client.Api.csproj", "{4C35F7DD-4F34-4BDB-8B1B-C3E0D250B1AC}"
EndProject
Project("{FAE04EC0-301F-11D3-BF4B-00C04F79EFBC}") = "QSDMS.Services.Api", "QSDMS.Services.Api\QSDMS.Services.Api.csproj", "{F297CE54-0606-48FE-B121-F43F280F9A39}"
EndProject
Project("{FAE04EC0-301F-11D3-BF4B-00C04F79EFBC}") = "QSDMS.Data.Factory", "QSDMS.DataAccess\QSDMS.Data.Factory\QSDMS.Data.Factory.csproj", "{027F19F6-B485-40A4-92A6-4D8A068D1DCD}"
EndProject
Project("{FAE04EC0-301F-11D3-BF4B-00C04F79EFBC}") = "EMS.Data.IService", "QSDMS.DataAccess\EMS.Data.IService\EMS.Data.IService.csproj", "{F514D9B7-F425-4DD2-B8A3-8941FA5D7737}"
EndProject
Project("{FAE04EC0-301F-11D3-BF4B-00C04F79EFBC}") = "EMS.Data.Service.SqlServer", "QSDMS.DataAccess\EMS.Data.Service.SqlServer\EMS.Data.Service.SqlServer.csproj", "{BCBBB9A3-03C8-446C-B108-CA6E5F3B9D51}"
EndProject
Project("{FAE04EC0-301F-11D3-BF4B-00C04F79EFBC}") = "EMS.Business", "QSDMS.Business\EMS.Business\EMS.Business.csproj", "{E9B5C7A4-EB2E-4822-AA49-10737939C903}"
EndProject
Project("{FAE04EC0-301F-11D3-BF4B-00C04F79EFBC}") = "EMS.Model", "QSDMS.Model\EMS.Model\EMS.Model.csproj", "{46573977-C433-498C-B36D-666C92312113}"
EndProject
Global
	GlobalSection(SolutionConfigurationPlatforms) = preSolution
		Debug|Any CPU = Debug|Any CPU
		Release|Any CPU = Release|Any CPU
	EndGlobalSection
	GlobalSection(ProjectConfigurationPlatforms) = postSolution
		{01DC088C-172B-4B3C-AC36-33EA88C0BBDC}.Debug|Any CPU.ActiveCfg = Debug|Any CPU
		{01DC088C-172B-4B3C-AC36-33EA88C0BBDC}.Debug|Any CPU.Build.0 = Debug|Any CPU
		{01DC088C-172B-4B3C-AC36-33EA88C0BBDC}.Release|Any CPU.ActiveCfg = Release|Any CPU
		{01DC088C-172B-4B3C-AC36-33EA88C0BBDC}.Release|Any CPU.Build.0 = Release|Any CPU
		{05E4A0F4-A478-406D-AF6C-E59E2ED88418}.Debug|Any CPU.ActiveCfg = Debug|Any CPU
		{05E4A0F4-A478-406D-AF6C-E59E2ED88418}.Debug|Any CPU.Build.0 = Debug|Any CPU
		{05E4A0F4-A478-406D-AF6C-E59E2ED88418}.Release|Any CPU.ActiveCfg = Release|Any CPU
		{05E4A0F4-A478-406D-AF6C-E59E2ED88418}.Release|Any CPU.Build.0 = Release|Any CPU
		{078BC972-7CE9-454C-9898-49E3225782C4}.Debug|Any CPU.ActiveCfg = Debug|Any CPU
		{078BC972-7CE9-454C-9898-49E3225782C4}.Debug|Any CPU.Build.0 = Debug|Any CPU
		{078BC972-7CE9-454C-9898-49E3225782C4}.Release|Any CPU.ActiveCfg = Release|Any CPU
		{078BC972-7CE9-454C-9898-49E3225782C4}.Release|Any CPU.Build.0 = Release|Any CPU
		{C16FEB89-AF01-4D02-B40D-5EFB285554A2}.Debug|Any CPU.ActiveCfg = Debug|Any CPU
		{C16FEB89-AF01-4D02-B40D-5EFB285554A2}.Debug|Any CPU.Build.0 = Debug|Any CPU
		{C16FEB89-AF01-4D02-B40D-5EFB285554A2}.Release|Any CPU.ActiveCfg = Release|Any CPU
		{C16FEB89-AF01-4D02-B40D-5EFB285554A2}.Release|Any CPU.Build.0 = Release|Any CPU
		{2E7B524E-E766-480F-9126-B54C0C10A0A4}.Debug|Any CPU.ActiveCfg = Debug|Any CPU
		{2E7B524E-E766-480F-9126-B54C0C10A0A4}.Debug|Any CPU.Build.0 = Debug|Any CPU
		{2E7B524E-E766-480F-9126-B54C0C10A0A4}.Release|Any CPU.ActiveCfg = Release|Any CPU
		{2E7B524E-E766-480F-9126-B54C0C10A0A4}.Release|Any CPU.Build.0 = Release|Any CPU
		{7EB61220-247D-4E54-B514-C0361CDFF56C}.Debug|Any CPU.ActiveCfg = Debug|Any CPU
		{7EB61220-247D-4E54-B514-C0361CDFF56C}.Debug|Any CPU.Build.0 = Debug|Any CPU
		{7EB61220-247D-4E54-B514-C0361CDFF56C}.Release|Any CPU.ActiveCfg = Release|Any CPU
		{7EB61220-247D-4E54-B514-C0361CDFF56C}.Release|Any CPU.Build.0 = Release|Any CPU
		{46CA7DC2-FBA2-4904-9A52-BB2109038E81}.Debug|Any CPU.ActiveCfg = Debug|Any CPU
		{46CA7DC2-FBA2-4904-9A52-BB2109038E81}.Debug|Any CPU.Build.0 = Debug|Any CPU
		{46CA7DC2-FBA2-4904-9A52-BB2109038E81}.Release|Any CPU.ActiveCfg = Release|Any CPU
		{46CA7DC2-FBA2-4904-9A52-BB2109038E81}.Release|Any CPU.Build.0 = Release|Any CPU
		{0BAC71E3-D1EC-47CA-A470-91398F43645B}.Debug|Any CPU.ActiveCfg = Debug|Any CPU
		{0BAC71E3-D1EC-47CA-A470-91398F43645B}.Debug|Any CPU.Build.0 = Debug|Any CPU
		{0BAC71E3-D1EC-47CA-A470-91398F43645B}.Release|Any CPU.ActiveCfg = Release|Any CPU
		{0BAC71E3-D1EC-47CA-A470-91398F43645B}.Release|Any CPU.Build.0 = Release|Any CPU
		{F784FE53-4599-4AE6-9735-BF367829F27A}.Debug|Any CPU.ActiveCfg = Debug|Any CPU
		{F784FE53-4599-4AE6-9735-BF367829F27A}.Debug|Any CPU.Build.0 = Debug|Any CPU
		{F784FE53-4599-4AE6-9735-BF367829F27A}.Release|Any CPU.ActiveCfg = Release|Any CPU
		{F784FE53-4599-4AE6-9735-BF367829F27A}.Release|Any CPU.Build.0 = Release|Any CPU
		{BF85365E-71D4-4A2F-823C-3516A6D08F7C}.Debug|Any CPU.ActiveCfg = Debug|Any CPU
		{BF85365E-71D4-4A2F-823C-3516A6D08F7C}.Debug|Any CPU.Build.0 = Debug|Any CPU
		{BF85365E-71D4-4A2F-823C-3516A6D08F7C}.Release|Any CPU.ActiveCfg = Release|Any CPU
		{BF85365E-71D4-4A2F-823C-3516A6D08F7C}.Release|Any CPU.Build.0 = Release|Any CPU
		{525EC8F0-D6A8-4680-8DBF-94244DE469F2}.Debug|Any CPU.ActiveCfg = Debug|Any CPU
		{525EC8F0-D6A8-4680-8DBF-94244DE469F2}.Debug|Any CPU.Build.0 = Debug|Any CPU
		{525EC8F0-D6A8-4680-8DBF-94244DE469F2}.Release|Any CPU.ActiveCfg = Release|Any CPU
		{525EC8F0-D6A8-4680-8DBF-94244DE469F2}.Release|Any CPU.Build.0 = Release|Any CPU
		{197805DA-EFA6-43C9-8992-59A82273C5E2}.Debug|Any CPU.ActiveCfg = Debug|Any CPU
		{197805DA-EFA6-43C9-8992-59A82273C5E2}.Debug|Any CPU.Build.0 = Debug|Any CPU
		{197805DA-EFA6-43C9-8992-59A82273C5E2}.Release|Any CPU.ActiveCfg = Release|Any CPU
		{197805DA-EFA6-43C9-8992-59A82273C5E2}.Release|Any CPU.Build.0 = Release|Any CPU
		{9C1B08CF-25A4-4190-95D5-D35EA5DA455F}.Debug|Any CPU.ActiveCfg = Debug|Any CPU
		{9C1B08CF-25A4-4190-95D5-D35EA5DA455F}.Debug|Any CPU.Build.0 = Debug|Any CPU
		{9C1B08CF-25A4-4190-95D5-D35EA5DA455F}.Release|Any CPU.ActiveCfg = Release|Any CPU
		{9C1B08CF-25A4-4190-95D5-D35EA5DA455F}.Release|Any CPU.Build.0 = Release|Any CPU
		{3F15F70B-98F6-4D11-8664-B9C97A024CEA}.Debug|Any CPU.ActiveCfg = Debug|Any CPU
		{3F15F70B-98F6-4D11-8664-B9C97A024CEA}.Debug|Any CPU.Build.0 = Debug|Any CPU
		{3F15F70B-98F6-4D11-8664-B9C97A024CEA}.Release|Any CPU.ActiveCfg = Release|Any CPU
		{3F15F70B-98F6-4D11-8664-B9C97A024CEA}.Release|Any CPU.Build.0 = Release|Any CPU
		{EB8A43EE-17D0-4ACB-B7F9-FA100DEEC92F}.Debug|Any CPU.ActiveCfg = Debug|Any CPU
		{EB8A43EE-17D0-4ACB-B7F9-FA100DEEC92F}.Debug|Any CPU.Build.0 = Debug|Any CPU
		{EB8A43EE-17D0-4ACB-B7F9-FA100DEEC92F}.Release|Any CPU.ActiveCfg = Release|Any CPU
		{EB8A43EE-17D0-4ACB-B7F9-FA100DEEC92F}.Release|Any CPU.Build.0 = Release|Any CPU
		{DE4CBA96-7291-4C0A-86E0-A7523F05CA1D}.Debug|Any CPU.ActiveCfg = Debug|Any CPU
		{DE4CBA96-7291-4C0A-86E0-A7523F05CA1D}.Debug|Any CPU.Build.0 = Debug|Any CPU
		{DE4CBA96-7291-4C0A-86E0-A7523F05CA1D}.Release|Any CPU.ActiveCfg = Release|Any CPU
		{DE4CBA96-7291-4C0A-86E0-A7523F05CA1D}.Release|Any CPU.Build.0 = Release|Any CPU
		{674C829C-46FA-4893-AAF8-A2E21052848E}.Debug|Any CPU.ActiveCfg = Debug|Any CPU
		{674C829C-46FA-4893-AAF8-A2E21052848E}.Debug|Any CPU.Build.0 = Debug|Any CPU
		{674C829C-46FA-4893-AAF8-A2E21052848E}.Release|Any CPU.ActiveCfg = Release|Any CPU
		{674C829C-46FA-4893-AAF8-A2E21052848E}.Release|Any CPU.Build.0 = Release|Any CPU
		{4C35F7DD-4F34-4BDB-8B1B-C3E0D250B1AC}.Debug|Any CPU.ActiveCfg = Debug|Any CPU
		{4C35F7DD-4F34-4BDB-8B1B-C3E0D250B1AC}.Debug|Any CPU.Build.0 = Debug|Any CPU
		{4C35F7DD-4F34-4BDB-8B1B-C3E0D250B1AC}.Release|Any CPU.ActiveCfg = Release|Any CPU
		{4C35F7DD-4F34-4BDB-8B1B-C3E0D250B1AC}.Release|Any CPU.Build.0 = Release|Any CPU
		{F297CE54-0606-48FE-B121-F43F280F9A39}.Debug|Any CPU.ActiveCfg = Debug|Any CPU
		{F297CE54-0606-48FE-B121-F43F280F9A39}.Debug|Any CPU.Build.0 = Debug|Any CPU
		{F297CE54-0606-48FE-B121-F43F280F9A39}.Release|Any CPU.ActiveCfg = Release|Any CPU
		{F297CE54-0606-48FE-B121-F43F280F9A39}.Release|Any CPU.Build.0 = Release|Any CPU
		{027F19F6-B485-40A4-92A6-4D8A068D1DCD}.Debug|Any CPU.ActiveCfg = Debug|Any CPU
		{027F19F6-B485-40A4-92A6-4D8A068D1DCD}.Debug|Any CPU.Build.0 = Debug|Any CPU
		{027F19F6-B485-40A4-92A6-4D8A068D1DCD}.Release|Any CPU.ActiveCfg = Release|Any CPU
		{027F19F6-B485-40A4-92A6-4D8A068D1DCD}.Release|Any CPU.Build.0 = Release|Any CPU
		{F514D9B7-F425-4DD2-B8A3-8941FA5D7737}.Debug|Any CPU.ActiveCfg = Debug|Any CPU
		{F514D9B7-F425-4DD2-B8A3-8941FA5D7737}.Debug|Any CPU.Build.0 = Debug|Any CPU
		{F514D9B7-F425-4DD2-B8A3-8941FA5D7737}.Release|Any CPU.ActiveCfg = Release|Any CPU
		{F514D9B7-F425-4DD2-B8A3-8941FA5D7737}.Release|Any CPU.Build.0 = Release|Any CPU
		{BCBBB9A3-03C8-446C-B108-CA6E5F3B9D51}.Debug|Any CPU.ActiveCfg = Debug|Any CPU
		{BCBBB9A3-03C8-446C-B108-CA6E5F3B9D51}.Debug|Any CPU.Build.0 = Debug|Any CPU
		{BCBBB9A3-03C8-446C-B108-CA6E5F3B9D51}.Release|Any CPU.ActiveCfg = Release|Any CPU
		{BCBBB9A3-03C8-446C-B108-CA6E5F3B9D51}.Release|Any CPU.Build.0 = Release|Any CPU
		{E9B5C7A4-EB2E-4822-AA49-10737939C903}.Debug|Any CPU.ActiveCfg = Debug|Any CPU
		{E9B5C7A4-EB2E-4822-AA49-10737939C903}.Debug|Any CPU.Build.0 = Debug|Any CPU
		{E9B5C7A4-EB2E-4822-AA49-10737939C903}.Release|Any CPU.ActiveCfg = Release|Any CPU
		{E9B5C7A4-EB2E-4822-AA49-10737939C903}.Release|Any CPU.Build.0 = Release|Any CPU
		{46573977-C433-498C-B36D-666C92312113}.Debug|Any CPU.ActiveCfg = Debug|Any CPU
		{46573977-C433-498C-B36D-666C92312113}.Debug|Any CPU.Build.0 = Debug|Any CPU
		{46573977-C433-498C-B36D-666C92312113}.Release|Any CPU.ActiveCfg = Release|Any CPU
		{46573977-C433-498C-B36D-666C92312113}.Release|Any CPU.Build.0 = Release|Any CPU
	EndGlobalSection
	GlobalSection(SolutionProperties) = preSolution
		HideSolutionNode = FALSE
	EndGlobalSection
	GlobalSection(NestedProjects) = preSolution
		{05E4A0F4-A478-406D-AF6C-E59E2ED88418} = {FCEA4AA1-4F1E-4DEE-9198-0DCE58242542}
		{078BC972-7CE9-454C-9898-49E3225782C4} = {FCEA4AA1-4F1E-4DEE-9198-0DCE58242542}
		{01DC088C-172B-4B3C-AC36-33EA88C0BBDC} = {FCEA4AA1-4F1E-4DEE-9198-0DCE58242542}
		{2E7B524E-E766-480F-9126-B54C0C10A0A4} = {9D4695B2-6DB3-42B7-A8D6-B689AE6E2FCF}
		{0BAC71E3-D1EC-47CA-A470-91398F43645B} = {DBC8727A-A8DF-4A20-9BC5-C99B83481B05}
		{3F15F70B-98F6-4D11-8664-B9C97A024CEA} = {DBC8727A-A8DF-4A20-9BC5-C99B83481B05}
		{DE4CBA96-7291-4C0A-86E0-A7523F05CA1D} = {DBC8727A-A8DF-4A20-9BC5-C99B83481B05}
		{027F19F6-B485-40A4-92A6-4D8A068D1DCD} = {DBC8727A-A8DF-4A20-9BC5-C99B83481B05}
		{F514D9B7-F425-4DD2-B8A3-8941FA5D7737} = {DBC8727A-A8DF-4A20-9BC5-C99B83481B05}
		{BCBBB9A3-03C8-446C-B108-CA6E5F3B9D51} = {DBC8727A-A8DF-4A20-9BC5-C99B83481B05}
		{F784FE53-4599-4AE6-9735-BF367829F27A} = {30E52642-E1AD-40CA-81A6-FFA238F457BC}
		{BF85365E-71D4-4A2F-823C-3516A6D08F7C} = {30E52642-E1AD-40CA-81A6-FFA238F457BC}
		{E9B5C7A4-EB2E-4822-AA49-10737939C903} = {30E52642-E1AD-40CA-81A6-FFA238F457BC}
		{C16FEB89-AF01-4D02-B40D-5EFB285554A2} = {9CD6AF0D-71E7-47FE-AF31-2A500721F965}
		{4C35F7DD-4F34-4BDB-8B1B-C3E0D250B1AC} = {9CD6AF0D-71E7-47FE-AF31-2A500721F965}
		{F297CE54-0606-48FE-B121-F43F280F9A39} = {9CD6AF0D-71E7-47FE-AF31-2A500721F965}
		{7EB61220-247D-4E54-B514-C0361CDFF56C} = {806FDC98-27B6-4F23-9469-3CB40E1D8601}
		{46CA7DC2-FBA2-4904-9A52-BB2109038E81} = {806FDC98-27B6-4F23-9469-3CB40E1D8601}
		{525EC8F0-D6A8-4680-8DBF-94244DE469F2} = {6D4C2AD5-148C-4E5B-8AC0-3BD32D9FFD4E}
		{46573977-C433-498C-B36D-666C92312113} = {6D4C2AD5-148C-4E5B-8AC0-3BD32D9FFD4E}
		{197805DA-EFA6-43C9-8992-59A82273C5E2} = {DA916461-0368-4156-984D-327BFD0E825E}
		{9C1B08CF-25A4-4190-95D5-D35EA5DA455F} = {DA916461-0368-4156-984D-327BFD0E825E}
		{EB8A43EE-17D0-4ACB-B7F9-FA100DEEC92F} = {7B1DD6D0-2352-4693-ABB8-C206390DD4B4}
		{674C829C-46FA-4893-AAF8-A2E21052848E} = {7B1DD6D0-2352-4693-ABB8-C206390DD4B4}
	EndGlobalSection
EndGlobal
